
Microsoft Visual Studio Solution File, Format Version 12.00
# Visual Studio Version 17
VisualStudioVersion = 17.13.35919.96 d17.13
MinimumVisualStudioVersion = 10.0.40219.1
Project("{FAE04EC0-301F-11D3-BF4B-00C04F79EFBC}") = "DapperSoccer", "DapperSoccer\DapperSoccer.csproj", "{A7DA5FD4-7E39-423D-A512-BF126D750B61}"
EndProject
Global
	GlobalSection(SolutionConfigurationPlatforms) = preSolution
		Debug|Any CPU = Debug|Any CPU
		Release|Any CPU = Release|Any CPU
	EndGlobalSection
	GlobalSection(ProjectConfigurationPlatforms) = postSolution
		{A7DA5FD4-7E39-423D-A512-BF126D750B61}.Debug|Any CPU.ActiveCfg = Debug|Any CPU
		{A7DA5FD4-7E39-423D-A512-BF126D750B61}.Debug|Any CPU.Build.0 = Debug|Any CPU
		{A7DA5FD4-7E39-423D-A512-BF126D750B61}.Release|Any CPU.ActiveCfg = Release|Any CPU
		{A7DA5FD4-7E39-423D-A512-BF126D750B61}.Release|Any CPU.Build.0 = Release|Any CPU
	EndGlobalSection
	GlobalSection(SolutionProperties) = preSolution
		HideSolutionNode = FALSE
	EndGlobalSection
	GlobalSection(ExtensibilityGlobals) = postSolution
		SolutionGuid = {A378C130-B012-4A5C-BC8F-D56F99D46AB3}
	EndGlobalSection
EndGlobal
